
Microsoft Visual Studio Solution File, Format Version 12.00
# Visual Studio 15
VisualStudioVersion = 15.0.27428.2011
MinimumVisualStudioVersion = 10.0.40219.1
Project("{9A19103F-16F7-4668-BE54-9A1E7A4F7556}") = "Seriloger.Core", "Seriloger.Core\Seriloger.Core.csproj", "{C6438A03-5A7E-4B6A-A758-DDEBAEAEF7F6}"
EndProject
Project("{FAE04EC0-301F-11D3-BF4B-00C04F79EFBC}") = "Seriloger.Api", "Seriloger.Api\Seriloger.Api.csproj", "{A65F3E91-0824-428F-A9E3-C188F0538A35}"
EndProject
Global
	GlobalSection(SolutionConfigurationPlatforms) = preSolution
		Debug|Any CPU = Debug|Any CPU
		Release|Any CPU = Release|Any CPU
	EndGlobalSection
	GlobalSection(ProjectConfigurationPlatforms) = postSolution
		{C6438A03-5A7E-4B6A-A758-DDEBAEAEF7F6}.Debug|Any CPU.ActiveCfg = Debug|Any CPU
		{C6438A03-5A7E-4B6A-A758-DDEBAEAEF7F6}.Debug|Any CPU.Build.0 = Debug|Any CPU
		{C6438A03-5A7E-4B6A-A758-DDEBAEAEF7F6}.Release|Any CPU.ActiveCfg = Release|Any CPU
		{C6438A03-5A7E-4B6A-A758-DDEBAEAEF7F6}.Release|Any CPU.Build.0 = Release|Any CPU
		{A65F3E91-0824-428F-A9E3-C188F0538A35}.Debug|Any CPU.ActiveCfg = Debug|Any CPU
		{A65F3E91-0824-428F-A9E3-C188F0538A35}.Debug|Any CPU.Build.0 = Debug|Any CPU
		{A65F3E91-0824-428F-A9E3-C188F0538A35}.Release|Any CPU.ActiveCfg = Release|Any CPU
		{A65F3E91-0824-428F-A9E3-C188F0538A35}.Release|Any CPU.Build.0 = Release|Any CPU
	EndGlobalSection
	GlobalSection(SolutionProperties) = preSolution
		HideSolutionNode = FALSE
	EndGlobalSection
	GlobalSection(ExtensibilityGlobals) = postSolution
		SolutionGuid = {9E1D16F1-A719-4369-B1D8-80694A791CF8}
	EndGlobalSection
EndGlobal
